
Microsoft Visual Studio Solution File, Format Version 12.00
# Visual Studio Version 16
VisualStudioVersion = 16.0.31112.23
MinimumVisualStudioVersion = 10.0.40219.1
Project("{9A19103F-16F7-4668-BE54-9A1E7A4F7556}") = "JGarfield.LocastPlexTuner.Library", "JGarfield.LocastPlexTuner.Library\JGarfield.LocastPlexTuner.Library.csproj", "{F8E5216F-7E52-40C7-84A7-DFDDF418AEB7}"
EndProject
Project("{9A19103F-16F7-4668-BE54-9A1E7A4F7556}") = "JGarfield.LocastPlexTuner.WebApi", "JGarfield.LocastPlexTuner.WebApi\JGarfield.LocastPlexTuner.WebApi.csproj", "{FAE4D382-31CE-4F5A-96D2-20E8673AE613}"
EndProject
Project("{2150E333-8FDC-42A3-9474-1A3956D46DE8}") = "Solution Items", "Solution Items", "{ACCF7E8B-5091-4528-890B-B86A8DABBAAB}"
	ProjectSection(SolutionItems) = preProject
		LICENSE = LICENSE
		README.md = README.md
	EndProjectSection
EndProject
Project("{9A19103F-16F7-4668-BE54-9A1E7A4F7556}") = "JGarfield.LocastPlexTuner.Domain", "JGarfield.LocastPlexTuner.Domain\JGarfield.LocastPlexTuner.Domain.csproj", "{DA70327A-A34A-4420-A866-9074338B54B9}"
EndProject
Project("{FAE04EC0-301F-11D3-BF4B-00C04F79EFBC}") = "JGarfield.LocastPlexTuner.Utilities", "JGarfield.LocastPlexTuner.Utilities\JGarfield.LocastPlexTuner.Utilities.csproj", "{5ECCEA1A-1EBD-4A82-A1C7-E64ACF5EA3F2}"
EndProject
Global
	GlobalSection(SolutionConfigurationPlatforms) = preSolution
		Debug|Any CPU = Debug|Any CPU
		Release|Any CPU = Release|Any CPU
	EndGlobalSection
	GlobalSection(ProjectConfigurationPlatforms) = postSolution
		{F8E5216F-7E52-40C7-84A7-DFDDF418AEB7}.Debug|Any CPU.ActiveCfg = Debug|Any CPU
		{F8E5216F-7E52-40C7-84A7-DFDDF418AEB7}.Debug|Any CPU.Build.0 = Debug|Any CPU
		{F8E5216F-7E52-40C7-84A7-DFDDF418AEB7}.Release|Any CPU.ActiveCfg = Release|Any CPU
		{F8E5216F-7E52-40C7-84A7-DFDDF418AEB7}.Release|Any CPU.Build.0 = Release|Any CPU
		{FAE4D382-31CE-4F5A-96D2-20E8673AE613}.Debug|Any CPU.ActiveCfg = Debug|Any CPU
		{FAE4D382-31CE-4F5A-96D2-20E8673AE613}.Debug|Any CPU.Build.0 = Debug|Any CPU
		{FAE4D382-31CE-4F5A-96D2-20E8673AE613}.Release|Any CPU.ActiveCfg = Release|Any CPU
		{FAE4D382-31CE-4F5A-96D2-20E8673AE613}.Release|Any CPU.Build.0 = Release|Any CPU
		{DA70327A-A34A-4420-A866-9074338B54B9}.Debug|Any CPU.ActiveCfg = Debug|Any CPU
		{DA70327A-A34A-4420-A866-9074338B54B9}.Debug|Any CPU.Build.0 = Debug|Any CPU
		{DA70327A-A34A-4420-A866-9074338B54B9}.Release|Any CPU.ActiveCfg = Release|Any CPU
		{DA70327A-A34A-4420-A866-9074338B54B9}.Release|Any CPU.Build.0 = Release|Any CPU
		{5ECCEA1A-1EBD-4A82-A1C7-E64ACF5EA3F2}.Debug|Any CPU.ActiveCfg = Debug|Any CPU
		{5ECCEA1A-1EBD-4A82-A1C7-E64ACF5EA3F2}.Debug|Any CPU.Build.0 = Debug|Any CPU
		{5ECCEA1A-1EBD-4A82-A1C7-E64ACF5EA3F2}.Release|Any CPU.ActiveCfg = Release|Any CPU
		{5ECCEA1A-1EBD-4A82-A1C7-E64ACF5EA3F2}.Release|Any CPU.Build.0 = Release|Any CPU
	EndGlobalSection
	GlobalSection(SolutionProperties) = preSolution
		HideSolutionNode = FALSE
	EndGlobalSection
	GlobalSection(ExtensibilityGlobals) = postSolution
		SolutionGuid = {E0337FD1-C250-4C7F-BE9B-C3AB35C426A6}
	EndGlobalSection
EndGlobal
